// !$*UTF8*$!
{
	archiveVersion = 1;
	classes = {
	};
	objectVersion = 50;
	objects = {

/* Begin PBXBuildFile section */
		3D06FD29269DE15B00B5CA21 /* WebDetailsProductViewController.swift in Sources */ = {isa = PBXBuildFile; fileRef = 3D06FD28269DE15B00B5CA21 /* WebDetailsProductViewController.swift */; };
		3D9C3D2D26985A6600206B57 /* AppDelegate.swift in Sources */ = {isa = PBXBuildFile; fileRef = 3D9C3D2C26985A6600206B57 /* AppDelegate.swift */; };
		3D9C3D2F26985A6600206B57 /* SceneDelegate.swift in Sources */ = {isa = PBXBuildFile; fileRef = 3D9C3D2E26985A6600206B57 /* SceneDelegate.swift */; };
		3D9C3D3126985A6600206B57 /* BuyViewController.swift in Sources */ = {isa = PBXBuildFile; fileRef = 3D9C3D3026985A6600206B57 /* BuyViewController.swift */; };
		3D9C3D3426985A6600206B57 /* Main.storyboard in Resources */ = {isa = PBXBuildFile; fileRef = 3D9C3D3226985A6600206B57 /* Main.storyboard */; };
		3D9C3D3626985A6900206B57 /* Assets.xcassets in Resources */ = {isa = PBXBuildFile; fileRef = 3D9C3D3526985A6900206B57 /* Assets.xcassets */; };
		3D9C3D3926985A6900206B57 /* LaunchScreen.storyboard in Resources */ = {isa = PBXBuildFile; fileRef = 3D9C3D3726985A6900206B57 /* LaunchScreen.storyboard */; };
		3D9C3D4426985A6A00206B57 /* AppleStoreProjectTests.swift in Sources */ = {isa = PBXBuildFile; fileRef = 3D9C3D4326985A6A00206B57 /* AppleStoreProjectTests.swift */; };
		3D9C3D4F26985A6A00206B57 /* AppleStoreProjectUITests.swift in Sources */ = {isa = PBXBuildFile; fileRef = 3D9C3D4E26985A6A00206B57 /* AppleStoreProjectUITests.swift */; };
		3D9C3D992698830200206B57 /* ForYouViewController.swift in Sources */ = {isa = PBXBuildFile; fileRef = 3D9C3D982698830200206B57 /* ForYouViewController.swift */; };
		3D9C3D9B2698831700206B57 /* FindViewController.swift in Sources */ = {isa = PBXBuildFile; fileRef = 3D9C3D9A2698831700206B57 /* FindViewController.swift */; };
		3D9C3D9D2698835700206B57 /* BasketViewController.swift in Sources */ = {isa = PBXBuildFile; fileRef = 3D9C3D9C2698835700206B57 /* BasketViewController.swift */; };
		3D9C3D9F2698C02600206B57 /* DetailProductViewController.swift in Sources */ = {isa = PBXBuildFile; fileRef = 3D9C3D9E2698C02500206B57 /* DetailProductViewController.swift */; };
/* End PBXBuildFile section */

/* Begin PBXContainerItemProxy section */
		3D9C3D4026985A6A00206B57 /* PBXContainerItemProxy */ = {
			isa = PBXContainerItemProxy;
			containerPortal = 3D9C3D2126985A6600206B57 /* Project object */;
			proxyType = 1;
			remoteGlobalIDString = 3D9C3D2826985A6600206B57;
			remoteInfo = AppleStoreProject;
		};
		3D9C3D4B26985A6A00206B57 /* PBXContainerItemProxy */ = {
			isa = PBXContainerItemProxy;
			containerPortal = 3D9C3D2126985A6600206B57 /* Project object */;
			proxyType = 1;
			remoteGlobalIDString = 3D9C3D2826985A6600206B57;
			remoteInfo = AppleStoreProject;
		};
/* End PBXContainerItemProxy section */

/* Begin PBXFileReference section */
		3D06FD28269DE15B00B5CA21 /* WebDetailsProductViewController.swift */ = {isa = PBXFileReference; lastKnownFileType = sourcecode.swift; path = WebDetailsProductViewController.swift; sourceTree = "<group>"; };
		3D9C3D2926985A6600206B57 /* AppleStoreProject.app */ = {isa = PBXFileReference; explicitFileType = wrapper.application; includeInIndex = 0; path = AppleStoreProject.app; sourceTree = BUILT_PRODUCTS_DIR; };
		3D9C3D2C26985A6600206B57 /* AppDelegate.swift */ = {isa = PBXFileReference; lastKnownFileType = sourcecode.swift; path = AppDelegate.swift; sourceTree = "<group>"; };
		3D9C3D2E26985A6600206B57 /* SceneDelegate.swift */ = {isa = PBXFileReference; lastKnownFileType = sourcecode.swift; path = SceneDelegate.swift; sourceTree = "<group>"; };
		3D9C3D3026985A6600206B57 /* BuyViewController.swift */ = {isa = PBXFileReference; lastKnownFileType = sourcecode.swift; path = BuyViewController.swift; sourceTree = "<group>"; };
		3D9C3D3326985A6600206B57 /* Base */ = {isa = PBXFileReference; lastKnownFileType = file.storyboard; name = Base; path = Base.lproj/Main.storyboard; sourceTree = "<group>"; };
		3D9C3D3526985A6900206B57 /* Assets.xcassets */ = {isa = PBXFileReference; lastKnownFileType = folder.assetcatalog; path = Assets.xcassets; sourceTree = "<group>"; };
		3D9C3D3826985A6900206B57 /* Base */ = {isa = PBXFileReference; lastKnownFileType = file.storyboard; name = Base; path = Base.lproj/LaunchScreen.storyboard; sourceTree = "<group>"; };
		3D9C3D3A26985A6900206B57 /* Info.plist */ = {isa = PBXFileReference; lastKnownFileType = text.plist.xml; path = Info.plist; sourceTree = "<group>"; };
		3D9C3D3F26985A6A00206B57 /* AppleStoreProjectTests.xctest */ = {isa = PBXFileReference; explicitFileType = wrapper.cfbundle; includeInIndex = 0; path = AppleStoreProjectTests.xctest; sourceTree = BUILT_PRODUCTS_DIR; };
		3D9C3D4326985A6A00206B57 /* AppleStoreProjectTests.swift */ = {isa = PBXFileReference; lastKnownFileType = sourcecode.swift; path = AppleStoreProjectTests.swift; sourceTree = "<group>"; };
		3D9C3D4526985A6A00206B57 /* Info.plist */ = {isa = PBXFileReference; lastKnownFileType = text.plist.xml; path = Info.plist; sourceTree = "<group>"; };
		3D9C3D4A26985A6A00206B57 /* AppleStoreProjectUITests.xctest */ = {isa = PBXFileReference; explicitFileType = wrapper.cfbundle; includeInIndex = 0; path = AppleStoreProjectUITests.xctest; sourceTree = BUILT_PRODUCTS_DIR; };
		3D9C3D4E26985A6A00206B57 /* AppleStoreProjectUITests.swift */ = {isa = PBXFileReference; lastKnownFileType = sourcecode.swift; path = AppleStoreProjectUITests.swift; sourceTree = "<group>"; };
		3D9C3D5026985A6A00206B57 /* Info.plist */ = {isa = PBXFileReference; lastKnownFileType = text.plist.xml; path = Info.plist; sourceTree = "<group>"; };
		3D9C3D982698830200206B57 /* ForYouViewController.swift */ = {isa = PBXFileReference; lastKnownFileType = sourcecode.swift; path = ForYouViewController.swift; sourceTree = "<group>"; };
		3D9C3D9A2698831700206B57 /* FindViewController.swift */ = {isa = PBXFileReference; lastKnownFileType = sourcecode.swift; path = FindViewController.swift; sourceTree = "<group>"; };
		3D9C3D9C2698835700206B57 /* BasketViewController.swift */ = {isa = PBXFileReference; lastKnownFileType = sourcecode.swift; path = BasketViewController.swift; sourceTree = "<group>"; };
		3D9C3D9E2698C02500206B57 /* DetailProductViewController.swift */ = {isa = PBXFileReference; lastKnownFileType = sourcecode.swift; path = DetailProductViewController.swift; sourceTree = "<group>"; };
/* End PBXFileReference section */

/* Begin PBXFrameworksBuildPhase section */
		3D9C3D2626985A6600206B57 /* Frameworks */ = {
			isa = PBXFrameworksBuildPhase;
			buildActionMask = 2147483647;
			files = (
			);
			runOnlyForDeploymentPostprocessing = 0;
		};
		3D9C3D3C26985A6A00206B57 /* Frameworks */ = {
			isa = PBXFrameworksBuildPhase;
			buildActionMask = 2147483647;
			files = (
			);
			runOnlyForDeploymentPostprocessing = 0;
		};
		3D9C3D4726985A6A00206B57 /* Frameworks */ = {
			isa = PBXFrameworksBuildPhase;
			buildActionMask = 2147483647;
			files = (
			);
			runOnlyForDeploymentPostprocessing = 0;
		};
/* End PBXFrameworksBuildPhase section */

/* Begin PBXGroup section */
		3D9C3D2026985A6600206B57 = {
			isa = PBXGroup;
			children = (
				3D9C3D2B26985A6600206B57 /* AppleStoreProject */,
				3D9C3D4226985A6A00206B57 /* AppleStoreProjectTests */,
				3D9C3D4D26985A6A00206B57 /* AppleStoreProjectUITests */,
				3D9C3D2A26985A6600206B57 /* Products */,
			);
			sourceTree = "<group>";
		};
		3D9C3D2A26985A6600206B57 /* Products */ = {
			isa = PBXGroup;
			children = (
				3D9C3D2926985A6600206B57 /* AppleStoreProject.app */,
				3D9C3D3F26985A6A00206B57 /* AppleStoreProjectTests.xctest */,
				3D9C3D4A26985A6A00206B57 /* AppleStoreProjectUITests.xctest */,
			);
			name = Products;
			sourceTree = "<group>";
		};
		3D9C3D2B26985A6600206B57 /* AppleStoreProject */ = {
			isa = PBXGroup;
			children = (
				3D9C3D2C26985A6600206B57 /* AppDelegate.swift */,
				3D9C3D2E26985A6600206B57 /* SceneDelegate.swift */,
				3D9C3D3026985A6600206B57 /* BuyViewController.swift */,
				3D9C3D982698830200206B57 /* ForYouViewController.swift */,
				3D9C3D9A2698831700206B57 /* FindViewController.swift */,
				3D9C3D9C2698835700206B57 /* BasketViewController.swift */,
				3D9C3D9E2698C02500206B57 /* DetailProductViewController.swift */,
				3D06FD28269DE15B00B5CA21 /* WebDetailsProductViewController.swift */,
				3D9C3D3226985A6600206B57 /* Main.storyboard */,
				3D9C3D3526985A6900206B57 /* Assets.xcassets */,
				3D9C3D3726985A6900206B57 /* LaunchScreen.storyboard */,
				3D9C3D3A26985A6900206B57 /* Info.plist */,
			);
			path = AppleStoreProject;
			sourceTree = "<group>";
		};
		3D9C3D4226985A6A00206B57 /* AppleStoreProjectTests */ = {
			isa = PBXGroup;
			children = (
				3D9C3D4326985A6A00206B57 /* AppleStoreProjectTests.swift */,
				3D9C3D4526985A6A00206B57 /* Info.plist */,
			);
			path = AppleStoreProjectTests;
			sourceTree = "<group>";
		};
		3D9C3D4D26985A6A00206B57 /* AppleStoreProjectUITests */ = {
			isa = PBXGroup;
			children = (
				3D9C3D4E26985A6A00206B57 /* AppleStoreProjectUITests.swift */,
				3D9C3D5026985A6A00206B57 /* Info.plist */,
			);
			path = AppleStoreProjectUITests;
			sourceTree = "<group>";
		};
/* End PBXGroup section */

/* Begin PBXNativeTarget section */
		3D9C3D2826985A6600206B57 /* AppleStoreProject */ = {
			isa = PBXNativeTarget;
			buildConfigurationList = 3D9C3D5326985A6A00206B57 /* Build configuration list for PBXNativeTarget "AppleStoreProject" */;
			buildPhases = (
				3D9C3D2526985A6600206B57 /* Sources */,
				3D9C3D2626985A6600206B57 /* Frameworks */,
				3D9C3D2726985A6600206B57 /* Resources */,
			);
			buildRules = (
			);
			dependencies = (
			);
			name = AppleStoreProject;
			productName = AppleStoreProject;
			productReference = 3D9C3D2926985A6600206B57 /* AppleStoreProject.app */;
			productType = "com.apple.product-type.application";
		};
		3D9C3D3E26985A6A00206B57 /* AppleStoreProjectTests */ = {
			isa = PBXNativeTarget;
			buildConfigurationList = 3D9C3D5626985A6A00206B57 /* Build configuration list for PBXNativeTarget "AppleStoreProjectTests" */;
			buildPhases = (
				3D9C3D3B26985A6A00206B57 /* Sources */,
				3D9C3D3C26985A6A00206B57 /* Frameworks */,
				3D9C3D3D26985A6A00206B57 /* Resources */,
			);
			buildRules = (
			);
			dependencies = (
				3D9C3D4126985A6A00206B57 /* PBXTargetDependency */,
			);
			name = AppleStoreProjectTests;
			productName = AppleStoreProjectTests;
			productReference = 3D9C3D3F26985A6A00206B57 /* AppleStoreProjectTests.xctest */;
			productType = "com.apple.product-type.bundle.unit-test";
		};
		3D9C3D4926985A6A00206B57 /* AppleStoreProjectUITests */ = {
			isa = PBXNativeTarget;
			buildConfigurationList = 3D9C3D5926985A6A00206B57 /* Build configuration list for PBXNativeTarget "AppleStoreProjectUITests" */;
			buildPhases = (
				3D9C3D4626985A6A00206B57 /* Sources */,
				3D9C3D4726985A6A00206B57 /* Frameworks */,
				3D9C3D4826985A6A00206B57 /* Resources */,
			);
			buildRules = (
			);
			dependencies = (
				3D9C3D4C26985A6A00206B57 /* PBXTargetDependency */,
			);
			name = AppleStoreProjectUITests;
			productName = AppleStoreProjectUITests;
			productReference = 3D9C3D4A26985A6A00206B57 /* AppleStoreProjectUITests.xctest */;
			productType = "com.apple.product-type.bundle.ui-testing";
		};
/* End PBXNativeTarget section */

/* Begin PBXProject section */
		3D9C3D2126985A6600206B57 /* Project object */ = {
			isa = PBXProject;
			attributes = {
				LastSwiftUpdateCheck = 1250;
				LastUpgradeCheck = 1250;
				TargetAttributes = {
					3D9C3D2826985A6600206B57 = {
						CreatedOnToolsVersion = 12.5.1;
					};
					3D9C3D3E26985A6A00206B57 = {
						CreatedOnToolsVersion = 12.5.1;
						TestTargetID = 3D9C3D2826985A6600206B57;
					};
					3D9C3D4926985A6A00206B57 = {
						CreatedOnToolsVersion = 12.5.1;
						TestTargetID = 3D9C3D2826985A6600206B57;
					};
				};
			};
			buildConfigurationList = 3D9C3D2426985A6600206B57 /* Build configuration list for PBXProject "AppleStoreProject" */;
			compatibilityVersion = "Xcode 9.3";
			developmentRegion = en;
			hasScannedForEncodings = 0;
			knownRegions = (
				en,
				Base,
			);
			mainGroup = 3D9C3D2026985A6600206B57;
			productRefGroup = 3D9C3D2A26985A6600206B57 /* Products */;
			projectDirPath = "";
			projectRoot = "";
			targets = (
				3D9C3D2826985A6600206B57 /* AppleStoreProject */,
				3D9C3D3E26985A6A00206B57 /* AppleStoreProjectTests */,
				3D9C3D4926985A6A00206B57 /* AppleStoreProjectUITests */,
			);
		};
/* End PBXProject section */

/* Begin PBXResourcesBuildPhase section */
		3D9C3D2726985A6600206B57 /* Resources */ = {
			isa = PBXResourcesBuildPhase;
			buildActionMask = 2147483647;
			files = (
				3D9C3D3926985A6900206B57 /* LaunchScreen.storyboard in Resources */,
				3D9C3D3626985A6900206B57 /* Assets.xcassets in Resources */,
				3D9C3D3426985A6600206B57 /* Main.storyboard in Resources */,
			);
			runOnlyForDeploymentPostprocessing = 0;
		};
		3D9C3D3D26985A6A00206B57 /* Resources */ = {
			isa = PBXResourcesBuildPhase;
			buildActionMask = 2147483647;
			files = (
			);
			runOnlyForDeploymentPostprocessing = 0;
		};
		3D9C3D4826985A6A00206B57 /* Resources */ = {
			isa = PBXResourcesBuildPhase;
			buildActionMask = 2147483647;
			files = (
			);
			runOnlyForDeploymentPostprocessing = 0;
		};
/* End PBXResourcesBuildPhase section */

/* Begin PBXSourcesBuildPhase section */
		3D9C3D2526985A6600206B57 /* Sources */ = {
			isa = PBXSourcesBuildPhase;
			buildActionMask = 2147483647;
			files = (
				3D9C3D9D2698835700206B57 /* BasketViewController.swift in Sources */,
				3D9C3D9B2698831700206B57 /* FindViewController.swift in Sources */,
				3D06FD29269DE15B00B5CA21 /* WebDetailsProductViewController.swift in Sources */,
				3D9C3D9F2698C02600206B57 /* DetailProductViewController.swift in Sources */,
				3D9C3D992698830200206B57 /* ForYouViewController.swift in Sources */,
				3D9C3D3126985A6600206B57 /* BuyViewController.swift in Sources */,
				3D9C3D2D26985A6600206B57 /* AppDelegate.swift in Sources */,
				3D9C3D2F26985A6600206B57 /* SceneDelegate.swift in Sources */,
			);
			runOnlyForDeploymentPostprocessing = 0;
		};
		3D9C3D3B26985A6A00206B57 /* Sources */ = {
			isa = PBXSourcesBuildPhase;
			buildActionMask = 2147483647;
			files = (
				3D9C3D4426985A6A00206B57 /* AppleStoreProjectTests.swift in Sources */,
			);
			runOnlyForDeploymentPostprocessing = 0;
		};
		3D9C3D4626985A6A00206B57 /* Sources */ = {
			isa = PBXSourcesBuildPhase;
			buildActionMask = 2147483647;
			files = (
				3D9C3D4F26985A6A00206B57 /* AppleStoreProjectUITests.swift in Sources */,
			);
			runOnlyForDeploymentPostprocessing = 0;
		};
/* End PBXSourcesBuildPhase section */

/* Begin PBXTargetDependency section */
		3D9C3D4126985A6A00206B57 /* PBXTargetDependency */ = {
			isa = PBXTargetDependency;
			target = 3D9C3D2826985A6600206B57 /* AppleStoreProject */;
			targetProxy = 3D9C3D4026985A6A00206B57 /* PBXContainerItemProxy */;
		};
		3D9C3D4C26985A6A00206B57 /* PBXTargetDependency */ = {
			isa = PBXTargetDependency;
			target = 3D9C3D2826985A6600206B57 /* AppleStoreProject */;
			targetProxy = 3D9C3D4B26985A6A00206B57 /* PBXContainerItemProxy */;
		};
/* End PBXTargetDependency section */

/* Begin PBXVariantGroup section */
		3D9C3D3226985A6600206B57 /* Main.storyboard */ = {
			isa = PBXVariantGroup;
			children = (
				3D9C3D3326985A6600206B57 /* Base */,
			);
			name = Main.storyboard;
			sourceTree = "<group>";
		};
		3D9C3D3726985A6900206B57 /* LaunchScreen.storyboard */ = {
			isa = PBXVariantGroup;
			children = (
				3D9C3D3826985A6900206B57 /* Base */,
			);
			name = LaunchScreen.storyboard;
			sourceTree = "<group>";
		};
/* End PBXVariantGroup section */

/* Begin XCBuildConfiguration section */
		3D9C3D5126985A6A00206B57 /* Debug */ = {
			isa = XCBuildConfiguration;
			buildSettings = {
				ALWAYS_SEARCH_USER_PATHS = NO;
				CLANG_ANALYZER_NONNULL = YES;
				CLANG_ANALYZER_NUMBER_OBJECT_CONVERSION = YES_AGGRESSIVE;
				CLANG_CXX_LANGUAGE_STANDARD = "gnu++14";
				CLANG_CXX_LIBRARY = "libc++";
				CLANG_ENABLE_MODULES = YES;
				CLANG_ENABLE_OBJC_ARC = YES;
				CLANG_ENABLE_OBJC_WEAK = YES;
				CLANG_WARN_BLOCK_CAPTURE_AUTORELEASING = YES;
				CLANG_WARN_BOOL_CONVERSION = YES;
				CLANG_WARN_COMMA = YES;
				CLANG_WARN_CONSTANT_CONVERSION = YES;
				CLANG_WARN_DEPRECATED_OBJC_IMPLEMENTATIONS = YES;
				CLANG_WARN_DIRECT_OBJC_ISA_USAGE = YES_ERROR;
				CLANG_WARN_DOCUMENTATION_COMMENTS = YES;
				CLANG_WARN_EMPTY_BODY = YES;
				CLANG_WARN_ENUM_CONVERSION = YES;
				CLANG_WARN_INFINITE_RECURSION = YES;
				CLANG_WARN_INT_CONVERSION = YES;
				CLANG_WARN_NON_LITERAL_NULL_CONVERSION = YES;
				CLANG_WARN_OBJC_IMPLICIT_RETAIN_SELF = YES;
				CLANG_WARN_OBJC_LITERAL_CONVERSION = YES;
				CLANG_WARN_OBJC_ROOT_CLASS = YES_ERROR;
				CLANG_WARN_QUOTED_INCLUDE_IN_FRAMEWORK_HEADER = YES;
				CLANG_WARN_RANGE_LOOP_ANALYSIS = YES;
				CLANG_WARN_STRICT_PROTOTYPES = YES;
				CLANG_WARN_SUSPICIOUS_MOVE = YES;
				CLANG_WARN_UNGUARDED_AVAILABILITY = YES_AGGRESSIVE;
				CLANG_WARN_UNREACHABLE_CODE = YES;
				CLANG_WARN__DUPLICATE_METHOD_MATCH = YES;
				COPY_PHASE_STRIP = NO;
				DEBUG_INFORMATION_FORMAT = dwarf;
				ENABLE_STRICT_OBJC_MSGSEND = YES;
				ENABLE_TESTABILITY = YES;
				GCC_C_LANGUAGE_STANDARD = gnu11;
				GCC_DYNAMIC_NO_PIC = NO;
				GCC_NO_COMMON_BLOCKS = YES;
				GCC_OPTIMIZATION_LEVEL = 0;
				GCC_PREPROCESSOR_DEFINITIONS = (
					"DEBUG=1",
					"$(inherited)",
				);
				GCC_WARN_64_TO_32_BIT_CONVERSION = YES;
				GCC_WARN_ABOUT_RETURN_TYPE = YES_ERROR;
				GCC_WARN_UNDECLARED_SELECTOR = YES;
				GCC_WARN_UNINITIALIZED_AUTOS = YES_AGGRESSIVE;
				GCC_WARN_UNUSED_FUNCTION = YES;
				GCC_WARN_UNUSED_VARIABLE = YES;
				IPHONEOS_DEPLOYMENT_TARGET = 14.5;
				MTL_ENABLE_DEBUG_INFO = INCLUDE_SOURCE;
				MTL_FAST_MATH = YES;
				ONLY_ACTIVE_ARCH = YES;
				SDKROOT = iphoneos;
				SWIFT_ACTIVE_COMPILATION_CONDITIONS = DEBUG;
				SWIFT_OPTIMIZATION_LEVEL = "-Onone";
			};
			name = Debug;
		};
		3D9C3D5226985A6A00206B57 /* Release */ = {
			isa = XCBuildConfiguration;
			buildSettings = {
				ALWAYS_SEARCH_USER_PATHS = NO;
				CLANG_ANALYZER_NONNULL = YES;
				CLANG_ANALYZER_NUMBER_OBJECT_CONVERSION = YES_AGGRESSIVE;
				CLANG_CXX_LANGUAGE_STANDARD = "gnu++14";
				CLANG_CXX_LIBRARY = "libc++";
				CLANG_ENABLE_MODULES = YES;
				CLANG_ENABLE_OBJC_ARC = YES;
				CLANG_ENABLE_OBJC_WEAK = YES;
				CLANG_WARN_BLOCK_CAPTURE_AUTORELEASING = YES;
				CLANG_WARN_BOOL_CONVERSION = YES;
				CLANG_WARN_COMMA = YES;
				CLANG_WARN_CONSTANT_CONVERSION = YES;
				CLANG_WARN_DEPRECATED_OBJC_IMPLEMENTATIONS = YES;
				CLANG_WARN_DIRECT_OBJC_ISA_USAGE = YES_ERROR;
				CLANG_WARN_DOCUMENTATION_COMMENTS = YES;
				CLANG_WARN_EMPTY_BODY = YES;
				CLANG_WARN_ENUM_CONVERSION = YES;
				CLANG_WARN_INFINITE_RECURSION = YES;
				CLANG_WARN_INT_CONVERSION = YES;
				CLANG_WARN_NON_LITERAL_NULL_CONVERSION = YES;
				CLANG_WARN_OBJC_IMPLICIT_RETAIN_SELF = YES;
				CLANG_WARN_OBJC_LITERAL_CONVERSION = YES;
				CLANG_WARN_OBJC_ROOT_CLASS = YES_ERROR;
				CLANG_WARN_QUOTED_INCLUDE_IN_FRAMEWORK_HEADER = YES;
				CLANG_WARN_RANGE_LOOP_ANALYSIS = YES;
				CLANG_WARN_STRICT_PROTOTYPES = YES;
				CLANG_WARN_SUSPICIOUS_MOVE = YES;
				CLANG_WARN_UNGUARDED_AVAILABILITY = YES_AGGRESSIVE;
				CLANG_WARN_UNREACHABLE_CODE = YES;
				CLANG_WARN__DUPLICATE_METHOD_MATCH = YES;
				COPY_PHASE_STRIP = NO;
				DEBUG_INFORMATION_FORMAT = "dwarf-with-dsym";
				ENABLE_NS_ASSERTIONS = NO;
				ENABLE_STRICT_OBJC_MSGSEND = YES;
				GCC_C_LANGUAGE_STANDARD = gnu11;
				GCC_NO_COMMON_BLOCKS = YES;
				GCC_WARN_64_TO_32_BIT_CONVERSION = YES;
				GCC_WARN_ABOUT_RETURN_TYPE = YES_ERROR;
				GCC_WARN_UNDECLARED_SELECTOR = YES;
				GCC_WARN_UNINITIALIZED_AUTOS = YES_AGGRESSIVE;
				GCC_WARN_UNUSED_FUNCTION = YES;
				GCC_WARN_UNUSED_VARIABLE = YES;
				IPHONEOS_DEPLOYMENT_TARGET = 14.5;
				MTL_ENABLE_DEBUG_INFO = NO;
				MTL_FAST_MATH = YES;
				SDKROOT = iphoneos;
				SWIFT_COMPILATION_MODE = wholemodule;
				SWIFT_OPTIMIZATION_LEVEL = "-O";
				VALIDATE_PRODUCT = YES;
			};
			name = Release;
		};
		3D9C3D5426985A6A00206B57 /* Debug */ = {
			isa = XCBuildConfiguration;
			buildSettings = {
				ASSETCATALOG_COMPILER_APPICON_NAME = AppIcon;
				ASSETCATALOG_COMPILER_GLOBAL_ACCENT_COLOR_NAME = AccentColor;
				CODE_SIGN_STYLE = Automatic;
				DEVELOPMENT_TEAM = 5B99N4Z88C;
				INFOPLIST_FILE = AppleStoreProject/Info.plist;
				LD_RUNPATH_SEARCH_PATHS = (
					"$(inherited)",
					"@executable_path/Frameworks",
				);
				PRODUCT_BUNDLE_IDENTIFIER = FVG.AppleStoreProject;
				PRODUCT_NAME = "$(TARGET_NAME)";
				SWIFT_VERSION = 5.0;
				TARGETED_DEVICE_FAMILY = "1,2";
			};
			name = Debug;
		};
		3D9C3D5526985A6A00206B57 /* Release */ = {
			isa = XCBuildConfiguration;
			buildSettings = {
				ASSETCATALOG_COMPILER_APPICON_NAME = AppIcon;
				ASSETCATALOG_COMPILER_GLOBAL_ACCENT_COLOR_NAME = AccentColor;
				CODE_SIGN_STYLE = Automatic;
				DEVELOPMENT_TEAM = 5B99N4Z88C;
				INFOPLIST_FILE = AppleStoreProject/Info.plist;
				LD_RUNPATH_SEARCH_PATHS = (
					"$(inherited)",
					"@executable_path/Frameworks",
				);
				PRODUCT_BUNDLE_IDENTIFIER = FVG.AppleStoreProject;
				PRODUCT_NAME = "$(TARGET_NAME)";
				SWIFT_VERSION = 5.0;
				TARGETED_DEVICE_FAMILY = "1,2";
			};
			name = Release;
		};
		3D9C3D5726985A6A00206B57 /* Debug */ = {
			isa = XCBuildConfiguration;
			buildSettings = {
				ALWAYS_EMBED_SWIFT_STANDARD_LIBRARIES = YES;
				BUNDLE_LOADER = "$(TEST_HOST)";
				CODE_SIGN_STYLE = Automatic;
				DEVELOPMENT_TEAM = 5B99N4Z88C;
				INFOPLIST_FILE = AppleStoreProjectTests/Info.plist;
				IPHONEOS_DEPLOYMENT_TARGET = 14.5;
				LD_RUNPATH_SEARCH_PATHS = (
					"$(inherited)",
					"@executable_path/Frameworks",
					"@loader_path/Frameworks",
				);
				PRODUCT_BUNDLE_IDENTIFIER = FVG.AppleStoreProjectTests;
				PRODUCT_NAME = "$(TARGET_NAME)";
				SWIFT_VERSION = 5.0;
				TARGETED_DEVICE_FAMILY = "1,2";
				TEST_HOST = "$(BUILT_PRODUCTS_DIR)/AppleStoreProject.app/AppleStoreProject";
			};
			name = Debug;
		};
		3D9C3D5826985A6A00206B57 /* Release */ = {
			isa = XCBuildConfiguration;
			buildSettings = {
				ALWAYS_EMBED_SWIFT_STANDARD_LIBRARIES = YES;
				BUNDLE_LOADER = "$(TEST_HOST)";
				CODE_SIGN_STYLE = Automatic;
				DEVELOPMENT_TEAM = 5B99N4Z88C;
				INFOPLIST_FILE = AppleStoreProjectTests/Info.plist;
				IPHONEOS_DEPLOYMENT_TARGET = 14.5;
				LD_RUNPATH_SEARCH_PATHS = (
					"$(inherited)",
					"@executable_path/Frameworks",
					"@loader_path/Frameworks",
				);
				PRODUCT_BUNDLE_IDENTIFIER = FVG.AppleStoreProjectTests;
				PRODUCT_NAME = "$(TARGET_NAME)";
				SWIFT_VERSION = 5.0;
				TARGETED_DEVICE_FAMILY = "1,2";
				TEST_HOST = "$(BUILT_PRODUCTS_DIR)/AppleStoreProject.app/AppleStoreProject";
			};
			name = Release;
		};
		3D9C3D5A26985A6A00206B57 /* Debug */ = {
			isa = XCBuildConfiguration;
			buildSettings = {
				ALWAYS_EMBED_SWIFT_STANDARD_LIBRARIES = YES;
				CODE_SIGN_STYLE = Automatic;
				DEVELOPMENT_TEAM = 5B99N4Z88C;
				INFOPLIST_FILE = AppleStoreProjectUITests/Info.plist;
				LD_RUNPATH_SEARCH_PATHS = (
					"$(inherited)",
					"@executable_path/Frameworks",
					"@loader_path/Frameworks",
				);
				PRODUCT_BUNDLE_IDENTIFIER = FVG.AppleStoreProjectUITests;
				PRODUCT_NAME = "$(TARGET_NAME)";
				SWIFT_VERSION = 5.0;
				TARGETED_DEVICE_FAMILY = "1,2";
				TEST_TARGET_NAME = AppleStoreProject;
			};
			name = Debug;
		};
		3D9C3D5B26985A6A00206B57 /* Release */ = {
			isa = XCBuildConfiguration;
			buildSettings = {
				ALWAYS_EMBED_SWIFT_STANDARD_LIBRARIES = YES;
				CODE_SIGN_STYLE = Automatic;
				DEVELOPMENT_TEAM = 5B99N4Z88C;
				INFOPLIST_FILE = AppleStoreProjectUITests/Info.plist;
				LD_RUNPATH_SEARCH_PATHS = (
					"$(inherited)",
					"@executable_path/Frameworks",
					"@loader_path/Frameworks",
				);
				PRODUCT_BUNDLE_IDENTIFIER = FVG.AppleStoreProjectUITests;
				PRODUCT_NAME = "$(TARGET_NAME)";
				SWIFT_VERSION = 5.0;
				TARGETED_DEVICE_FAMILY = "1,2";
				TEST_TARGET_NAME = AppleStoreProject;
			};
			name = Release;
		};
/* End XCBuildConfiguration section */

/* Begin XCConfigurationList section */
		3D9C3D2426985A6600206B57 /* Build configuration list for PBXProject "AppleStoreProject" */ = {
			isa = XCConfigurationList;
			buildConfigurations = (
				3D9C3D5126985A6A00206B57 /* Debug */,
				3D9C3D5226985A6A00206B57 /* Release */,
			);
			defaultConfigurationIsVisible = 0;
			defaultConfigurationName = Release;
		};
		3D9C3D5326985A6A00206B57 /* Build configuration list for PBXNativeTarget "AppleStoreProject" */ = {
			isa = XCConfigurationList;
			buildConfigurations = (
				3D9C3D5426985A6A00206B57 /* Debug */,
				3D9C3D5526985A6A00206B57 /* Release */,
			);
			defaultConfigurationIsVisible = 0;
			defaultConfigurationName = Release;
		};
		3D9C3D5626985A6A00206B57 /* Build configuration list for PBXNativeTarget "AppleStoreProjectTests" */ = {
			isa = XCConfigurationList;
			buildConfigurations = (
				3D9C3D5726985A6A00206B57 /* Debug */,
				3D9C3D5826985A6A00206B57 /* Release */,
			);
			defaultConfigurationIsVisible = 0;
			defaultConfigurationName = Release;
		};
		3D9C3D5926985A6A00206B57 /* Build configuration list for PBXNativeTarget "AppleStoreProjectUITests" */ = {
			isa = XCConfigurationList;
			buildConfigurations = (
				3D9C3D5A26985A6A00206B57 /* Debug */,
				3D9C3D5B26985A6A00206B57 /* Release */,
			);
			defaultConfigurationIsVisible = 0;
			defaultConfigurationName = Release;
		};
/* End XCConfigurationList section */
	};
	rootObject = 3D9C3D2126985A6600206B57 /* Project object */;
}
